
Microsoft Visual Studio Solution File, Format Version 12.00
# Visual Studio Version 16
VisualStudioVersion = 16.0.31112.23
MinimumVisualStudioVersion = 10.0.40219.1
Project("{9A19103F-16F7-4668-BE54-9A1E7A4F7556}") = "Autetication", "Autetication\Autetication.csproj", "{010C8922-0D00-4039-9E10-7AB07BE9E932}"
EndProject
Project("{9A19103F-16F7-4668-BE54-9A1E7A4F7556}") = "Autentication.Domain", "Autentication.Domain\Autentication.Domain.csproj", "{64E1E5DB-056D-4125-978F-F85AE9C90398}"
EndProject
Project("{9A19103F-16F7-4668-BE54-9A1E7A4F7556}") = "Autentication.Infraestructure", "Autentication.Infraestructure\Autentication.Infraestructure.csproj", "{11370253-511A-468F-AFC1-899CE3D134E1}"
EndProject
Global
	GlobalSection(SolutionConfigurationPlatforms) = preSolution
		Debug|Any CPU = Debug|Any CPU
		Release|Any CPU = Release|Any CPU
	EndGlobalSection
	GlobalSection(ProjectConfigurationPlatforms) = postSolution
		{010C8922-0D00-4039-9E10-7AB07BE9E932}.Debug|Any CPU.ActiveCfg = Debug|Any CPU
		{010C8922-0D00-4039-9E10-7AB07BE9E932}.Debug|Any CPU.Build.0 = Debug|Any CPU
		{010C8922-0D00-4039-9E10-7AB07BE9E932}.Release|Any CPU.ActiveCfg = Release|Any CPU
		{010C8922-0D00-4039-9E10-7AB07BE9E932}.Release|Any CPU.Build.0 = Release|Any CPU
		{64E1E5DB-056D-4125-978F-F85AE9C90398}.Debug|Any CPU.ActiveCfg = Debug|Any CPU
		{64E1E5DB-056D-4125-978F-F85AE9C90398}.Debug|Any CPU.Build.0 = Debug|Any CPU
		{64E1E5DB-056D-4125-978F-F85AE9C90398}.Release|Any CPU.ActiveCfg = Release|Any CPU
		{64E1E5DB-056D-4125-978F-F85AE9C90398}.Release|Any CPU.Build.0 = Release|Any CPU
		{11370253-511A-468F-AFC1-899CE3D134E1}.Debug|Any CPU.ActiveCfg = Debug|Any CPU
		{11370253-511A-468F-AFC1-899CE3D134E1}.Debug|Any CPU.Build.0 = Debug|Any CPU
		{11370253-511A-468F-AFC1-899CE3D134E1}.Release|Any CPU.ActiveCfg = Release|Any CPU
		{11370253-511A-468F-AFC1-899CE3D134E1}.Release|Any CPU.Build.0 = Release|Any CPU
	EndGlobalSection
	GlobalSection(SolutionProperties) = preSolution
		HideSolutionNode = FALSE
	EndGlobalSection
	GlobalSection(ExtensibilityGlobals) = postSolution
		SolutionGuid = {7FE8EB8E-96DC-49E2-8135-7AF10F4ADCE9}
	EndGlobalSection
EndGlobal
